
Microsoft Visual Studio Solution File, Format Version 12.00
# Visual Studio Version 17
VisualStudioVersion = 17.3.32922.545
MinimumVisualStudioVersion = 10.0.40219.1
Project("{FAE04EC0-301F-11D3-BF4B-00C04F79EFBC}") = "BulkyBookWeb", "BulkyBookWeb\BulkyBookWeb.csproj", "{4F21E55A-71C7-41B7-BBEC-E5EDC97B96BE}"
EndProject
Global
	GlobalSection(SolutionConfigurationPlatforms) = preSolution
		Debug|Any CPU = Debug|Any CPU
		Release|Any CPU = Release|Any CPU
	EndGlobalSection
	GlobalSection(ProjectConfigurationPlatforms) = postSolution
		{4F21E55A-71C7-41B7-BBEC-E5EDC97B96BE}.Debug|Any CPU.ActiveCfg = Debug|Any CPU
		{4F21E55A-71C7-41B7-BBEC-E5EDC97B96BE}.Debug|Any CPU.Build.0 = Debug|Any CPU
		{4F21E55A-71C7-41B7-BBEC-E5EDC97B96BE}.Release|Any CPU.ActiveCfg = Release|Any CPU
		{4F21E55A-71C7-41B7-BBEC-E5EDC97B96BE}.Release|Any CPU.Build.0 = Release|Any CPU
	EndGlobalSection
	GlobalSection(SolutionProperties) = preSolution
		HideSolutionNode = FALSE
	EndGlobalSection
	GlobalSection(ExtensibilityGlobals) = postSolution
		SolutionGuid = {A0932396-DF5D-491A-B414-29D1129034C8}
	EndGlobalSection
EndGlobal
